
Microsoft Visual Studio Solution File, Format Version 12.00
# Visual Studio Version 17
VisualStudioVersion = 17.1.32407.343
MinimumVisualStudioVersion = 10.0.40219.1
Project("{9A19103F-16F7-4668-BE54-9A1E7A4F7556}") = "LibraryMvcApp", "LibraryMvcApp.csproj", "{5D08A004-17EA-439D-8B12-B62D34D97C1A}"
EndProject
Project("{9A19103F-16F7-4668-BE54-9A1E7A4F7556}") = "LibraryUnitTestCore", "..\LibraryUnitTestCore\LibraryUnitTestCore.csproj", "{7BAE3E67-7936-4A89-9796-5BFE1D14CC3F}"
EndProject
Project("{9A19103F-16F7-4668-BE54-9A1E7A4F7556}") = "LibraryCommon", "..\LibraryCommon\LibraryCommon.csproj", "{BC888A9F-9606-472E-BDA6-A12C69A0853A}"
EndProject
Project("{9A19103F-16F7-4668-BE54-9A1E7A4F7556}") = "LibraryBLL", "..\LibraryBLL\LibraryBLL.csproj", "{A7BF4E42-FBC4-4CCC-AA3C-763AE2BAE447}"
EndProject
Project("{9A19103F-16F7-4668-BE54-9A1E7A4F7556}") = "LibraryDAL", "..\LibraryDAL\LibraryDAL.csproj", "{B20881A1-ADE4-4066-BF65-56CDA1A66582}"
EndProject
Global
	GlobalSection(SolutionConfigurationPlatforms) = preSolution
		Debug|Any CPU = Debug|Any CPU
		Release|Any CPU = Release|Any CPU
	EndGlobalSection
	GlobalSection(ProjectConfigurationPlatforms) = postSolution
		{5D08A004-17EA-439D-8B12-B62D34D97C1A}.Debug|Any CPU.ActiveCfg = Debug|Any CPU
		{5D08A004-17EA-439D-8B12-B62D34D97C1A}.Debug|Any CPU.Build.0 = Debug|Any CPU
		{5D08A004-17EA-439D-8B12-B62D34D97C1A}.Release|Any CPU.ActiveCfg = Release|Any CPU
		{5D08A004-17EA-439D-8B12-B62D34D97C1A}.Release|Any CPU.Build.0 = Release|Any CPU
		{7BAE3E67-7936-4A89-9796-5BFE1D14CC3F}.Debug|Any CPU.ActiveCfg = Debug|Any CPU
		{7BAE3E67-7936-4A89-9796-5BFE1D14CC3F}.Debug|Any CPU.Build.0 = Debug|Any CPU
		{7BAE3E67-7936-4A89-9796-5BFE1D14CC3F}.Release|Any CPU.ActiveCfg = Release|Any CPU
		{7BAE3E67-7936-4A89-9796-5BFE1D14CC3F}.Release|Any CPU.Build.0 = Release|Any CPU
		{BC888A9F-9606-472E-BDA6-A12C69A0853A}.Debug|Any CPU.ActiveCfg = Debug|Any CPU
		{BC888A9F-9606-472E-BDA6-A12C69A0853A}.Debug|Any CPU.Build.0 = Debug|Any CPU
		{BC888A9F-9606-472E-BDA6-A12C69A0853A}.Release|Any CPU.ActiveCfg = Release|Any CPU
		{BC888A9F-9606-472E-BDA6-A12C69A0853A}.Release|Any CPU.Build.0 = Release|Any CPU
		{A7BF4E42-FBC4-4CCC-AA3C-763AE2BAE447}.Debug|Any CPU.ActiveCfg = Debug|Any CPU
		{A7BF4E42-FBC4-4CCC-AA3C-763AE2BAE447}.Debug|Any CPU.Build.0 = Debug|Any CPU
		{A7BF4E42-FBC4-4CCC-AA3C-763AE2BAE447}.Release|Any CPU.ActiveCfg = Release|Any CPU
		{A7BF4E42-FBC4-4CCC-AA3C-763AE2BAE447}.Release|Any CPU.Build.0 = Release|Any CPU
		{B20881A1-ADE4-4066-BF65-56CDA1A66582}.Debug|Any CPU.ActiveCfg = Debug|Any CPU
		{B20881A1-ADE4-4066-BF65-56CDA1A66582}.Debug|Any CPU.Build.0 = Debug|Any CPU
		{B20881A1-ADE4-4066-BF65-56CDA1A66582}.Release|Any CPU.ActiveCfg = Release|Any CPU
		{B20881A1-ADE4-4066-BF65-56CDA1A66582}.Release|Any CPU.Build.0 = Release|Any CPU
	EndGlobalSection
	GlobalSection(SolutionProperties) = preSolution
		HideSolutionNode = FALSE
	EndGlobalSection
	GlobalSection(ExtensibilityGlobals) = postSolution
		SolutionGuid = {0A7CDCF5-5351-4601-8D80-460B11CB638D}
	EndGlobalSection
EndGlobal
